// !$*UTF8*$!
{
	archiveVersion = 1;
	classes = {
	};
	objectVersion = 56;
	objects = {

/* Begin PBXBuildFile section */
		8BD5680B29CDF52B00757258 /* SampleQiitaListApp.swift in Sources */ = {isa = PBXBuildFile; fileRef = 8BD5680A29CDF52B00757258 /* SampleQiitaListApp.swift */; };
		8BD5680D29CDF52B00757258 /* ContentView.swift in Sources */ = {isa = PBXBuildFile; fileRef = 8BD5680C29CDF52B00757258 /* ContentView.swift */; };
		8BD5680F29CDF52B00757258 /* Assets.xcassets in Resources */ = {isa = PBXBuildFile; fileRef = 8BD5680E29CDF52B00757258 /* Assets.xcassets */; };
		8BD5681229CDF52B00757258 /* Preview Assets.xcassets in Resources */ = {isa = PBXBuildFile; fileRef = 8BD5681129CDF52B00757258 /* Preview Assets.xcassets */; };
		8BD5681929CDF5F100757258 /* ArticleModel.swift in Sources */ = {isa = PBXBuildFile; fileRef = 8BD5681829CDF5F100757258 /* ArticleModel.swift */; };
		8BD5681B29CDF62900757258 /* ArticleViewModel.swift in Sources */ = {isa = PBXBuildFile; fileRef = 8BD5681A29CDF62900757258 /* ArticleViewModel.swift */; };
		8BD5681D29CDF71200757258 /* APIError.swift in Sources */ = {isa = PBXBuildFile; fileRef = 8BD5681C29CDF71200757258 /* APIError.swift */; };
		8BD5682229CDF8EB00757258 /* ArticleListAPIClient.swift in Sources */ = {isa = PBXBuildFile; fileRef = 8BD5682129CDF8EB00757258 /* ArticleListAPIClient.swift */; };
/* End PBXBuildFile section */

/* Begin PBXFileReference section */
		8BD5680729CDF52B00757258 /* SampleQiitaList.app */ = {isa = PBXFileReference; explicitFileType = wrapper.application; includeInIndex = 0; path = SampleQiitaList.app; sourceTree = BUILT_PRODUCTS_DIR; };
		8BD5680A29CDF52B00757258 /* SampleQiitaListApp.swift */ = {isa = PBXFileReference; lastKnownFileType = sourcecode.swift; path = SampleQiitaListApp.swift; sourceTree = "<group>"; };
		8BD5680C29CDF52B00757258 /* ContentView.swift */ = {isa = PBXFileReference; lastKnownFileType = sourcecode.swift; path = ContentView.swift; sourceTree = "<group>"; };
		8BD5680E29CDF52B00757258 /* Assets.xcassets */ = {isa = PBXFileReference; lastKnownFileType = folder.assetcatalog; path = Assets.xcassets; sourceTree = "<group>"; };
		8BD5681129CDF52B00757258 /* Preview Assets.xcassets */ = {isa = PBXFileReference; lastKnownFileType = folder.assetcatalog; path = "Preview Assets.xcassets"; sourceTree = "<group>"; };
		8BD5681829CDF5F100757258 /* ArticleModel.swift */ = {isa = PBXFileReference; lastKnownFileType = sourcecode.swift; path = ArticleModel.swift; sourceTree = "<group>"; };
		8BD5681A29CDF62900757258 /* ArticleViewModel.swift */ = {isa = PBXFileReference; lastKnownFileType = sourcecode.swift; path = ArticleViewModel.swift; sourceTree = "<group>"; };
		8BD5681C29CDF71200757258 /* APIError.swift */ = {isa = PBXFileReference; lastKnownFileType = sourcecode.swift; path = APIError.swift; sourceTree = "<group>"; };
		8BD5682129CDF8EB00757258 /* ArticleListAPIClient.swift */ = {isa = PBXFileReference; lastKnownFileType = sourcecode.swift; path = ArticleListAPIClient.swift; sourceTree = "<group>"; };
/* End PBXFileReference section */

/* Begin PBXFrameworksBuildPhase section */
		8BD5680429CDF52B00757258 /* Frameworks */ = {
			isa = PBXFrameworksBuildPhase;
			buildActionMask = 2147483647;
			files = (
			);
			runOnlyForDeploymentPostprocessing = 0;
		};
/* End PBXFrameworksBuildPhase section */

/* Begin PBXGroup section */
		8BD567FE29CDF52B00757258 = {
			isa = PBXGroup;
			children = (
				8BD5680929CDF52B00757258 /* SampleQiitaList */,
				8BD5680829CDF52B00757258 /* Products */,
			);
			sourceTree = "<group>";
		};
		8BD5680829CDF52B00757258 /* Products */ = {
			isa = PBXGroup;
			children = (
				8BD5680729CDF52B00757258 /* SampleQiitaList.app */,
			);
			name = Products;
			sourceTree = "<group>";
		};
		8BD5680929CDF52B00757258 /* SampleQiitaList */ = {
			isa = PBXGroup;
			children = (
				8BD5680A29CDF52B00757258 /* SampleQiitaListApp.swift */,
				8BD5682029CDF86E00757258 /* View */,
				8BD5681F29CDF85B00757258 /* ViewModel */,
				8BD5681E29CDF84A00757258 /* Model */,
				8BD5680E29CDF52B00757258 /* Assets.xcassets */,
				8BD5681029CDF52B00757258 /* Preview Content */,
			);
			path = SampleQiitaList;
			sourceTree = "<group>";
		};
		8BD5681029CDF52B00757258 /* Preview Content */ = {
			isa = PBXGroup;
			children = (
				8BD5681129CDF52B00757258 /* Preview Assets.xcassets */,
			);
			path = "Preview Content";
			sourceTree = "<group>";
		};
		8BD5681E29CDF84A00757258 /* Model */ = {
			isa = PBXGroup;
			children = (
				8BD5681829CDF5F100757258 /* ArticleModel.swift */,
				8BD5681C29CDF71200757258 /* APIError.swift */,
				8BD5682129CDF8EB00757258 /* ArticleListAPIClient.swift */,
			);
			path = Model;
			sourceTree = "<group>";
		};
		8BD5681F29CDF85B00757258 /* ViewModel */ = {
			isa = PBXGroup;
			children = (
				8BD5681A29CDF62900757258 /* ArticleViewModel.swift */,
			);
			path = ViewModel;
			sourceTree = "<group>";
		};
		8BD5682029CDF86E00757258 /* View */ = {
			isa = PBXGroup;
			children = (
				8BD5680C29CDF52B00757258 /* ContentView.swift */,
			);
			path = View;
			sourceTree = "<group>";
		};
/* End PBXGroup section */

/* Begin PBXNativeTarget section */
		8BD5680629CDF52B00757258 /* SampleQiitaList */ = {
			isa = PBXNativeTarget;
			buildConfigurationList = 8BD5681529CDF52B00757258 /* Build configuration list for PBXNativeTarget "SampleQiitaList" */;
			buildPhases = (
				8BD5680329CDF52B00757258 /* Sources */,
				8BD5680429CDF52B00757258 /* Frameworks */,
				8BD5680529CDF52B00757258 /* Resources */,
			);
			buildRules = (
			);
			dependencies = (
			);
			name = SampleQiitaList;
			productName = SampleQiitaList;
			productReference = 8BD5680729CDF52B00757258 /* SampleQiitaList.app */;
			productType = "com.apple.product-type.application";
		};
/* End PBXNativeTarget section */

/* Begin PBXProject section */
		8BD567FF29CDF52B00757258 /* Project object */ = {
			isa = PBXProject;
			attributes = {
				BuildIndependentTargetsInParallel = 1;
				LastSwiftUpdateCheck = 1420;
				LastUpgradeCheck = 1420;
				TargetAttributes = {
					8BD5680629CDF52B00757258 = {
						CreatedOnToolsVersion = 14.2;
					};
				};
			};
			buildConfigurationList = 8BD5680229CDF52B00757258 /* Build configuration list for PBXProject "SampleQiitaList" */;
			compatibilityVersion = "Xcode 14.0";
			developmentRegion = en;
			hasScannedForEncodings = 0;
			knownRegions = (
				en,
				Base,
			);
			mainGroup = 8BD567FE29CDF52B00757258;
			productRefGroup = 8BD5680829CDF52B00757258 /* Products */;
			projectDirPath = "";
			projectRoot = "";
			targets = (
				8BD5680629CDF52B00757258 /* SampleQiitaList */,
			);
		};
/* End PBXProject section */

/* Begin PBXResourcesBuildPhase section */
		8BD5680529CDF52B00757258 /* Resources */ = {
			isa = PBXResourcesBuildPhase;
			buildActionMask = 2147483647;
			files = (
				8BD5681229CDF52B00757258 /* Preview Assets.xcassets in Resources */,
				8BD5680F29CDF52B00757258 /* Assets.xcassets in Resources */,
			);
			runOnlyForDeploymentPostprocessing = 0;
		};
/* End PBXResourcesBuildPhase section */

/* Begin PBXSourcesBuildPhase section */
		8BD5680329CDF52B00757258 /* Sources */ = {
			isa = PBXSourcesBuildPhase;
			buildActionMask = 2147483647;
			files = (
				8BD5680D29CDF52B00757258 /* ContentView.swift in Sources */,
				8BD5681B29CDF62900757258 /* ArticleViewModel.swift in Sources */,
				8BD5681929CDF5F100757258 /* ArticleModel.swift in Sources */,
				8BD5681D29CDF71200757258 /* APIError.swift in Sources */,
				8BD5682229CDF8EB00757258 /* ArticleListAPIClient.swift in Sources */,
				8BD5680B29CDF52B00757258 /* SampleQiitaListApp.swift in Sources */,
			);
			runOnlyForDeploymentPostprocessing = 0;
		};
/* End PBXSourcesBuildPhase section */

/* Begin XCBuildConfiguration section */
		8BD5681329CDF52B00757258 /* Debug */ = {
			isa = XCBuildConfiguration;
			buildSettings = {
				ALWAYS_SEARCH_USER_PATHS = NO;
				CLANG_ANALYZER_NONNULL = YES;
				CLANG_ANALYZER_NUMBER_OBJECT_CONVERSION = YES_AGGRESSIVE;
				CLANG_CXX_LANGUAGE_STANDARD = "gnu++20";
				CLANG_ENABLE_MODULES = YES;
				CLANG_ENABLE_OBJC_ARC = YES;
				CLANG_ENABLE_OBJC_WEAK = YES;
				CLANG_WARN_BLOCK_CAPTURE_AUTORELEASING = YES;
				CLANG_WARN_BOOL_CONVERSION = YES;
				CLANG_WARN_COMMA = YES;
				CLANG_WARN_CONSTANT_CONVERSION = YES;
				CLANG_WARN_DEPRECATED_OBJC_IMPLEMENTATIONS = YES;
				CLANG_WARN_DIRECT_OBJC_ISA_USAGE = YES_ERROR;
				CLANG_WARN_DOCUMENTATION_COMMENTS = YES;
				CLANG_WARN_EMPTY_BODY = YES;
				CLANG_WARN_ENUM_CONVERSION = YES;
				CLANG_WARN_INFINITE_RECURSION = YES;
				CLANG_WARN_INT_CONVERSION = YES;
				CLANG_WARN_NON_LITERAL_NULL_CONVERSION = YES;
				CLANG_WARN_OBJC_IMPLICIT_RETAIN_SELF = YES;
				CLANG_WARN_OBJC_LITERAL_CONVERSION = YES;
				CLANG_WARN_OBJC_ROOT_CLASS = YES_ERROR;
				CLANG_WARN_QUOTED_INCLUDE_IN_FRAMEWORK_HEADER = YES;
				CLANG_WARN_RANGE_LOOP_ANALYSIS = YES;
				CLANG_WARN_STRICT_PROTOTYPES = YES;
				CLANG_WARN_SUSPICIOUS_MOVE = YES;
				CLANG_WARN_UNGUARDED_AVAILABILITY = YES_AGGRESSIVE;
				CLANG_WARN_UNREACHABLE_CODE = YES;
				CLANG_WARN__DUPLICATE_METHOD_MATCH = YES;
				COPY_PHASE_STRIP = NO;
				DEBUG_INFORMATION_FORMAT = dwarf;
				ENABLE_STRICT_OBJC_MSGSEND = YES;
				ENABLE_TESTABILITY = YES;
				GCC_C_LANGUAGE_STANDARD = gnu11;
				GCC_DYNAMIC_NO_PIC = NO;
				GCC_NO_COMMON_BLOCKS = YES;
				GCC_OPTIMIZATION_LEVEL = 0;
				GCC_PREPROCESSOR_DEFINITIONS = (
					"DEBUG=1",
					"$(inherited)",
				);
				GCC_WARN_64_TO_32_BIT_CONVERSION = YES;
				GCC_WARN_ABOUT_RETURN_TYPE = YES_ERROR;
				GCC_WARN_UNDECLARED_SELECTOR = YES;
				GCC_WARN_UNINITIALIZED_AUTOS = YES_AGGRESSIVE;
				GCC_WARN_UNUSED_FUNCTION = YES;
				GCC_WARN_UNUSED_VARIABLE = YES;
				IPHONEOS_DEPLOYMENT_TARGET = 16.2;
				MTL_ENABLE_DEBUG_INFO = INCLUDE_SOURCE;
				MTL_FAST_MATH = YES;
				ONLY_ACTIVE_ARCH = YES;
				SDKROOT = iphoneos;
				SWIFT_ACTIVE_COMPILATION_CONDITIONS = DEBUG;
				SWIFT_OPTIMIZATION_LEVEL = "-Onone";
			};
			name = Debug;
		};
		8BD5681429CDF52B00757258 /* Release */ = {
			isa = XCBuildConfiguration;
			buildSettings = {
				ALWAYS_SEARCH_USER_PATHS = NO;
				CLANG_ANALYZER_NONNULL = YES;
				CLANG_ANALYZER_NUMBER_OBJECT_CONVERSION = YES_AGGRESSIVE;
				CLANG_CXX_LANGUAGE_STANDARD = "gnu++20";
				CLANG_ENABLE_MODULES = YES;
				CLANG_ENABLE_OBJC_ARC = YES;
				CLANG_ENABLE_OBJC_WEAK = YES;
				CLANG_WARN_BLOCK_CAPTURE_AUTORELEASING = YES;
				CLANG_WARN_BOOL_CONVERSION = YES;
				CLANG_WARN_COMMA = YES;
				CLANG_WARN_CONSTANT_CONVERSION = YES;
				CLANG_WARN_DEPRECATED_OBJC_IMPLEMENTATIONS = YES;
				CLANG_WARN_DIRECT_OBJC_ISA_USAGE = YES_ERROR;
				CLANG_WARN_DOCUMENTATION_COMMENTS = YES;
				CLANG_WARN_EMPTY_BODY = YES;
				CLANG_WARN_ENUM_CONVERSION = YES;
				CLANG_WARN_INFINITE_RECURSION = YES;
				CLANG_WARN_INT_CONVERSION = YES;
				CLANG_WARN_NON_LITERAL_NULL_CONVERSION = YES;
				CLANG_WARN_OBJC_IMPLICIT_RETAIN_SELF = YES;
				CLANG_WARN_OBJC_LITERAL_CONVERSION = YES;
				CLANG_WARN_OBJC_ROOT_CLASS = YES_ERROR;
				CLANG_WARN_QUOTED_INCLUDE_IN_FRAMEWORK_HEADER = YES;
				CLANG_WARN_RANGE_LOOP_ANALYSIS = YES;
				CLANG_WARN_STRICT_PROTOTYPES = YES;
				CLANG_WARN_SUSPICIOUS_MOVE = YES;
				CLANG_WARN_UNGUARDED_AVAILABILITY = YES_AGGRESSIVE;
				CLANG_WARN_UNREACHABLE_CODE = YES;
				CLANG_WARN__DUPLICATE_METHOD_MATCH = YES;
				COPY_PHASE_STRIP = NO;
				DEBUG_INFORMATION_FORMAT = "dwarf-with-dsym";
				ENABLE_NS_ASSERTIONS = NO;
				ENABLE_STRICT_OBJC_MSGSEND = YES;
				GCC_C_LANGUAGE_STANDARD = gnu11;
				GCC_NO_COMMON_BLOCKS = YES;
				GCC_WARN_64_TO_32_BIT_CONVERSION = YES;
				GCC_WARN_ABOUT_RETURN_TYPE = YES_ERROR;
				GCC_WARN_UNDECLARED_SELECTOR = YES;
				GCC_WARN_UNINITIALIZED_AUTOS = YES_AGGRESSIVE;
				GCC_WARN_UNUSED_FUNCTION = YES;
				GCC_WARN_UNUSED_VARIABLE = YES;
				IPHONEOS_DEPLOYMENT_TARGET = 16.2;
				MTL_ENABLE_DEBUG_INFO = NO;
				MTL_FAST_MATH = YES;
				SDKROOT = iphoneos;
				SWIFT_COMPILATION_MODE = wholemodule;
				SWIFT_OPTIMIZATION_LEVEL = "-O";
				VALIDATE_PRODUCT = YES;
			};
			name = Release;
		};
		8BD5681629CDF52B00757258 /* Debug */ = {
			isa = XCBuildConfiguration;
			buildSettings = {
				ASSETCATALOG_COMPILER_APPICON_NAME = AppIcon;
				ASSETCATALOG_COMPILER_GLOBAL_ACCENT_COLOR_NAME = AccentColor;
				CODE_SIGN_STYLE = Automatic;
				CURRENT_PROJECT_VERSION = 1;
				DEVELOPMENT_ASSET_PATHS = "\"SampleQiitaList/Preview Content\"";
				DEVELOPMENT_TEAM = 7PSW8M3W4F;
				ENABLE_PREVIEWS = YES;
				GENERATE_INFOPLIST_FILE = YES;
				INFOPLIST_KEY_UIApplicationSceneManifest_Generation = YES;
				INFOPLIST_KEY_UIApplicationSupportsIndirectInputEvents = YES;
				INFOPLIST_KEY_UILaunchScreen_Generation = YES;
				INFOPLIST_KEY_UISupportedInterfaceOrientations_iPad = "UIInterfaceOrientationPortrait UIInterfaceOrientationPortraitUpsideDown UIInterfaceOrientationLandscapeLeft UIInterfaceOrientationLandscapeRight";
				INFOPLIST_KEY_UISupportedInterfaceOrientations_iPhone = "UIInterfaceOrientationPortrait UIInterfaceOrientationLandscapeLeft UIInterfaceOrientationLandscapeRight";
				LD_RUNPATH_SEARCH_PATHS = (
					"$(inherited)",
					"@executable_path/Frameworks",
				);
				MARKETING_VERSION = 1.0;
				PRODUCT_BUNDLE_IDENTIFIER = com.watanabe.SampleQiitaList;
				PRODUCT_NAME = "$(TARGET_NAME)";
				SWIFT_EMIT_LOC_STRINGS = YES;
				SWIFT_VERSION = 5.0;
				TARGETED_DEVICE_FAMILY = "1,2";
			};
			name = Debug;
		};
		8BD5681729CDF52B00757258 /* Release */ = {
			isa = XCBuildConfiguration;
			buildSettings = {
				ASSETCATALOG_COMPILER_APPICON_NAME = AppIcon;
				ASSETCATALOG_COMPILER_GLOBAL_ACCENT_COLOR_NAME = AccentColor;
				CODE_SIGN_STYLE = Automatic;
				CURRENT_PROJECT_VERSION = 1;
				DEVELOPMENT_ASSET_PATHS = "\"SampleQiitaList/Preview Content\"";
				DEVELOPMENT_TEAM = 7PSW8M3W4F;
				ENABLE_PREVIEWS = YES;
				GENERATE_INFOPLIST_FILE = YES;
				INFOPLIST_KEY_UIApplicationSceneManifest_Generation = YES;
				INFOPLIST_KEY_UIApplicationSupportsIndirectInputEvents = YES;
				INFOPLIST_KEY_UILaunchScreen_Generation = YES;
				INFOPLIST_KEY_UISupportedInterfaceOrientations_iPad = "UIInterfaceOrientationPortrait UIInterfaceOrientationPortraitUpsideDown UIInterfaceOrientationLandscapeLeft UIInterfaceOrientationLandscapeRight";
				INFOPLIST_KEY_UISupportedInterfaceOrientations_iPhone = "UIInterfaceOrientationPortrait UIInterfaceOrientationLandscapeLeft UIInterfaceOrientationLandscapeRight";
				LD_RUNPATH_SEARCH_PATHS = (
					"$(inherited)",
					"@executable_path/Frameworks",
				);
				MARKETING_VERSION = 1.0;
				PRODUCT_BUNDLE_IDENTIFIER = com.watanabe.SampleQiitaList;
				PRODUCT_NAME = "$(TARGET_NAME)";
				SWIFT_EMIT_LOC_STRINGS = YES;
				SWIFT_VERSION = 5.0;
				TARGETED_DEVICE_FAMILY = "1,2";
			};
			name = Release;
		};
/* End XCBuildConfiguration section */

/* Begin XCConfigurationList section */
		8BD5680229CDF52B00757258 /* Build configuration list for PBXProject "SampleQiitaList" */ = {
			isa = XCConfigurationList;
			buildConfigurations = (
				8BD5681329CDF52B00757258 /* Debug */,
				8BD5681429CDF52B00757258 /* Release */,
			);
			defaultConfigurationIsVisible = 0;
			defaultConfigurationName = Release;
		};
		8BD5681529CDF52B00757258 /* Build configuration list for PBXNativeTarget "SampleQiitaList" */ = {
			isa = XCConfigurationList;
			buildConfigurations = (
				8BD5681629CDF52B00757258 /* Debug */,
				8BD5681729CDF52B00757258 /* Release */,
			);
			defaultConfigurationIsVisible = 0;
			defaultConfigurationName = Release;
		};
/* End XCConfigurationList section */
	};
	rootObject = 8BD567FF29CDF52B00757258 /* Project object */;
}
